
Microsoft Visual Studio Solution File, Format Version 12.00
# Visual Studio Version 17
VisualStudioVersion = 17.5.33516.290
MinimumVisualStudioVersion = 10.0.40219.1
Project("{00D1A9C2-B5F0-4AF3-8072-F6C62B433612}") = "GoogDataSciSQL", "GoogDataSciSQL\GoogDataSciSQL.sqlproj", "{54F7C40E-31D9-4FCE-B6A7-76BF35FE60AA}"
EndProject
Global
	GlobalSection(SolutionConfigurationPlatforms) = preSolution
		Debug|Any CPU = Debug|Any CPU
		Release|Any CPU = Release|Any CPU
	EndGlobalSection
	GlobalSection(ProjectConfigurationPlatforms) = postSolution
		{54F7C40E-31D9-4FCE-B6A7-76BF35FE60AA}.Debug|Any CPU.ActiveCfg = Debug|Any CPU
		{54F7C40E-31D9-4FCE-B6A7-76BF35FE60AA}.Debug|Any CPU.Build.0 = Debug|Any CPU
		{54F7C40E-31D9-4FCE-B6A7-76BF35FE60AA}.Debug|Any CPU.Deploy.0 = Debug|Any CPU
		{54F7C40E-31D9-4FCE-B6A7-76BF35FE60AA}.Release|Any CPU.ActiveCfg = Release|Any CPU
		{54F7C40E-31D9-4FCE-B6A7-76BF35FE60AA}.Release|Any CPU.Build.0 = Release|Any CPU
		{54F7C40E-31D9-4FCE-B6A7-76BF35FE60AA}.Release|Any CPU.Deploy.0 = Release|Any CPU
	EndGlobalSection
	GlobalSection(SolutionProperties) = preSolution
		HideSolutionNode = FALSE
	EndGlobalSection
	GlobalSection(ExtensibilityGlobals) = postSolution
		SolutionGuid = {26145E0B-5CFD-4BBB-8CA9-BFB35517BE69}
	EndGlobalSection
EndGlobal
